
Microsoft Visual Studio Solution File, Format Version 12.00
# Visual Studio Version 16
VisualStudioVersion = 16.0.32407.337
MinimumVisualStudioVersion = 10.0.40219.1
Project("{9A19103F-16F7-4668-BE54-9A1E7A4F7556}") = "exercicios19_04", "exercicios19_04\exercicios19_04.csproj", "{8DC1682B-F999-4D52-9ACB-C85B6D58924A}"
EndProject
Project("{9A19103F-16F7-4668-BE54-9A1E7A4F7556}") = "Exercio 2 19_04", "Exercio 2 19_04\Exercio 2 19_04.csproj", "{576D996E-852A-4A15-AFE4-B51C049E7032}"
EndProject
Project("{9A19103F-16F7-4668-BE54-9A1E7A4F7556}") = "Exercio3", "Exercio3\Exercio3.csproj", "{6426CE03-BB69-4D26-9650-FA406619ED60}"
EndProject
Project("{9A19103F-16F7-4668-BE54-9A1E7A4F7556}") = "Exercicio4", "Exercicio4\Exercicio4.csproj", "{2412EDAE-32A3-46B1-8C31-25C1E4CD495C}"
EndProject
Project("{9A19103F-16F7-4668-BE54-9A1E7A4F7556}") = "Exercicio5", "Exercicio5\Exercicio5.csproj", "{FFB4611A-8062-42C8-BE1A-AFC9BFCF7BA4}"
EndProject
Project("{9A19103F-16F7-4668-BE54-9A1E7A4F7556}") = "Exercicio6", "Exercicio6\Exercicio6.csproj", "{436CEE30-42DB-41E4-AEA6-064868EFC3BB}"
EndProject
Project("{9A19103F-16F7-4668-BE54-9A1E7A4F7556}") = "Exercicio07", "Exercicio07\Exercicio07.csproj", "{DEFADFB2-B7A3-4E69-894C-416C8B7C233F}"
EndProject
Project("{9A19103F-16F7-4668-BE54-9A1E7A4F7556}") = "salario_trabalhador", "salario_trabalhador\salario_trabalhador.csproj", "{82D8E077-D883-4DDC-8899-52B41CA0CD3A}"
EndProject
Project("{9A19103F-16F7-4668-BE54-9A1E7A4F7556}") = "Triangulos", "Triangulos\Triangulos.csproj", "{9B1D54AA-C394-45FD-9D32-8DE06571B233}"
EndProject
Project("{9A19103F-16F7-4668-BE54-9A1E7A4F7556}") = "Calcula Raiz", "Calcula Raiz\Calcula Raiz.csproj", "{242C053A-719B-4375-B4D0-A6F46BCE9650}"
EndProject
Project("{FAE04EC0-301F-11D3-BF4B-00C04F79EFBC}") = "Vogal ou Consoante", "Vogal ou Consoante\Vogal ou Consoante.csproj", "{E26DFD6A-AC2F-4443-AFB5-ACE1D329E706}"
EndProject
Project("{FAE04EC0-301F-11D3-BF4B-00C04F79EFBC}") = "Numeros_em-ordem_crescente", "Numeros_em-ordem_crescente\Numeros_em-ordem_crescente.csproj", "{CADEC1D4-650B-4A82-8CFF-57F240E53E58}"
EndProject
Project("{FAE04EC0-301F-11D3-BF4B-00C04F79EFBC}") = "Ano_bisexto", "Ano_bisexto\Ano_bisexto.csproj", "{ECCE4712-AD69-471F-9770-B894FE2E5CCF}"
EndProject
Global
	GlobalSection(SolutionConfigurationPlatforms) = preSolution
		Debug|Any CPU = Debug|Any CPU
		Release|Any CPU = Release|Any CPU
	EndGlobalSection
	GlobalSection(ProjectConfigurationPlatforms) = postSolution
		{8DC1682B-F999-4D52-9ACB-C85B6D58924A}.Debug|Any CPU.ActiveCfg = Debug|Any CPU
		{8DC1682B-F999-4D52-9ACB-C85B6D58924A}.Debug|Any CPU.Build.0 = Debug|Any CPU
		{8DC1682B-F999-4D52-9ACB-C85B6D58924A}.Release|Any CPU.ActiveCfg = Release|Any CPU
		{8DC1682B-F999-4D52-9ACB-C85B6D58924A}.Release|Any CPU.Build.0 = Release|Any CPU
		{576D996E-852A-4A15-AFE4-B51C049E7032}.Debug|Any CPU.ActiveCfg = Debug|Any CPU
		{576D996E-852A-4A15-AFE4-B51C049E7032}.Debug|Any CPU.Build.0 = Debug|Any CPU
		{576D996E-852A-4A15-AFE4-B51C049E7032}.Release|Any CPU.ActiveCfg = Release|Any CPU
		{576D996E-852A-4A15-AFE4-B51C049E7032}.Release|Any CPU.Build.0 = Release|Any CPU
		{6426CE03-BB69-4D26-9650-FA406619ED60}.Debug|Any CPU.ActiveCfg = Debug|Any CPU
		{6426CE03-BB69-4D26-9650-FA406619ED60}.Debug|Any CPU.Build.0 = Debug|Any CPU
		{6426CE03-BB69-4D26-9650-FA406619ED60}.Release|Any CPU.ActiveCfg = Release|Any CPU
		{6426CE03-BB69-4D26-9650-FA406619ED60}.Release|Any CPU.Build.0 = Release|Any CPU
		{2412EDAE-32A3-46B1-8C31-25C1E4CD495C}.Debug|Any CPU.ActiveCfg = Debug|Any CPU
		{2412EDAE-32A3-46B1-8C31-25C1E4CD495C}.Debug|Any CPU.Build.0 = Debug|Any CPU
		{2412EDAE-32A3-46B1-8C31-25C1E4CD495C}.Release|Any CPU.ActiveCfg = Release|Any CPU
		{2412EDAE-32A3-46B1-8C31-25C1E4CD495C}.Release|Any CPU.Build.0 = Release|Any CPU
		{FFB4611A-8062-42C8-BE1A-AFC9BFCF7BA4}.Debug|Any CPU.ActiveCfg = Debug|Any CPU
		{FFB4611A-8062-42C8-BE1A-AFC9BFCF7BA4}.Debug|Any CPU.Build.0 = Debug|Any CPU
		{FFB4611A-8062-42C8-BE1A-AFC9BFCF7BA4}.Release|Any CPU.ActiveCfg = Release|Any CPU
		{FFB4611A-8062-42C8-BE1A-AFC9BFCF7BA4}.Release|Any CPU.Build.0 = Release|Any CPU
		{436CEE30-42DB-41E4-AEA6-064868EFC3BB}.Debug|Any CPU.ActiveCfg = Debug|Any CPU
		{436CEE30-42DB-41E4-AEA6-064868EFC3BB}.Debug|Any CPU.Build.0 = Debug|Any CPU
		{436CEE30-42DB-41E4-AEA6-064868EFC3BB}.Release|Any CPU.ActiveCfg = Release|Any CPU
		{436CEE30-42DB-41E4-AEA6-064868EFC3BB}.Release|Any CPU.Build.0 = Release|Any CPU
		{DEFADFB2-B7A3-4E69-894C-416C8B7C233F}.Debug|Any CPU.ActiveCfg = Debug|Any CPU
		{DEFADFB2-B7A3-4E69-894C-416C8B7C233F}.Debug|Any CPU.Build.0 = Debug|Any CPU
		{DEFADFB2-B7A3-4E69-894C-416C8B7C233F}.Release|Any CPU.ActiveCfg = Release|Any CPU
		{DEFADFB2-B7A3-4E69-894C-416C8B7C233F}.Release|Any CPU.Build.0 = Release|Any CPU
		{82D8E077-D883-4DDC-8899-52B41CA0CD3A}.Debug|Any CPU.ActiveCfg = Debug|Any CPU
		{82D8E077-D883-4DDC-8899-52B41CA0CD3A}.Debug|Any CPU.Build.0 = Debug|Any CPU
		{82D8E077-D883-4DDC-8899-52B41CA0CD3A}.Release|Any CPU.ActiveCfg = Release|Any CPU
		{82D8E077-D883-4DDC-8899-52B41CA0CD3A}.Release|Any CPU.Build.0 = Release|Any CPU
		{9B1D54AA-C394-45FD-9D32-8DE06571B233}.Debug|Any CPU.ActiveCfg = Debug|Any CPU
		{9B1D54AA-C394-45FD-9D32-8DE06571B233}.Debug|Any CPU.Build.0 = Debug|Any CPU
		{9B1D54AA-C394-45FD-9D32-8DE06571B233}.Release|Any CPU.ActiveCfg = Release|Any CPU
		{9B1D54AA-C394-45FD-9D32-8DE06571B233}.Release|Any CPU.Build.0 = Release|Any CPU
		{242C053A-719B-4375-B4D0-A6F46BCE9650}.Debug|Any CPU.ActiveCfg = Debug|Any CPU
		{242C053A-719B-4375-B4D0-A6F46BCE9650}.Debug|Any CPU.Build.0 = Debug|Any CPU
		{242C053A-719B-4375-B4D0-A6F46BCE9650}.Release|Any CPU.ActiveCfg = Release|Any CPU
		{242C053A-719B-4375-B4D0-A6F46BCE9650}.Release|Any CPU.Build.0 = Release|Any CPU
		{E26DFD6A-AC2F-4443-AFB5-ACE1D329E706}.Debug|Any CPU.ActiveCfg = Debug|Any CPU
		{E26DFD6A-AC2F-4443-AFB5-ACE1D329E706}.Debug|Any CPU.Build.0 = Debug|Any CPU
		{E26DFD6A-AC2F-4443-AFB5-ACE1D329E706}.Release|Any CPU.ActiveCfg = Release|Any CPU
		{E26DFD6A-AC2F-4443-AFB5-ACE1D329E706}.Release|Any CPU.Build.0 = Release|Any CPU
		{CADEC1D4-650B-4A82-8CFF-57F240E53E58}.Debug|Any CPU.ActiveCfg = Debug|Any CPU
		{CADEC1D4-650B-4A82-8CFF-57F240E53E58}.Debug|Any CPU.Build.0 = Debug|Any CPU
		{CADEC1D4-650B-4A82-8CFF-57F240E53E58}.Release|Any CPU.ActiveCfg = Release|Any CPU
		{CADEC1D4-650B-4A82-8CFF-57F240E53E58}.Release|Any CPU.Build.0 = Release|Any CPU
		{ECCE4712-AD69-471F-9770-B894FE2E5CCF}.Debug|Any CPU.ActiveCfg = Debug|Any CPU
		{ECCE4712-AD69-471F-9770-B894FE2E5CCF}.Debug|Any CPU.Build.0 = Debug|Any CPU
		{ECCE4712-AD69-471F-9770-B894FE2E5CCF}.Release|Any CPU.ActiveCfg = Release|Any CPU
		{ECCE4712-AD69-471F-9770-B894FE2E5CCF}.Release|Any CPU.Build.0 = Release|Any CPU
	EndGlobalSection
	GlobalSection(SolutionProperties) = preSolution
		HideSolutionNode = FALSE
	EndGlobalSection
	GlobalSection(ExtensibilityGlobals) = postSolution
		SolutionGuid = {A1AEED2E-16E1-42E3-BA5C-A5F0AE4758B5}
	EndGlobalSection
EndGlobal
